# THIS IS AN AUTOGENERATED FILE. DO NOT EDIT THIS FILE DIRECTLY.
# yarn lockfile v1


"@babel/code-frame@^7.27.1":
  version "7.27.1"
  resolved "https://registry.yarnpkg.com/@babel/code-frame/-/code-frame-7.27.1.tgz#200f715e66d52a23b221a9435534a91cc13ad5be"
  integrity sha512-cjQ7ZlQ0Mv3b47hABuTevyTuYN4i+loJKGeV9flcCgIK37cCXRh+L1bd3iBHlynerhQ7BhCkn2BPbQUL+rGqFg==
  dependencies:
    "@babel/helper-validator-identifier" "^7.27.1"
    js-tokens "^4.0.0"
    picocolors "^1.1.1"

"@babel/generator@^7.28.5":
  version "7.28.5"
  resolved "https://registry.yarnpkg.com/@babel/generator/-/generator-7.28.5.tgz#712722d5e50f44d07bc7ac9fe84438742dd61298"
  integrity sha512-3EwLFhZ38J4VyIP6WNtt2kUdW9dokXA9Cr4IVIFHuCpZ3H8/YFOl5JjZHisrn1fATPBmKKqXzDFvh9fUwHz6CQ==
  dependencies:
    "@babel/parser" "^7.28.5"
    "@babel/types" "^7.28.5"
    "@jridgewell/gen-mapping" "^0.3.12"
    "@jridgewell/trace-mapping" "^0.3.28"
    jsesc "^3.0.2"

"@babel/helper-globals@^7.28.0":
  version "7.28.0"
  resolved "https://registry.yarnpkg.com/@babel/helper-globals/-/helper-globals-7.28.0.tgz#b9430df2aa4e17bc28665eadeae8aa1d985e6674"
  integrity sha512-+W6cISkXFa1jXsDEdYA8HeevQT/FULhxzR99pxphltZcVaugps53THCeiWA8SguxxpSp3gKPiuYfSWopkLQ4hw==

"@babel/helper-string-parser@^7.27.1":
  version "7.27.1"
  resolved "https://registry.yarnpkg.com/@babel/helper-string-parser/-/helper-string-parser-7.27.1.tgz#54da796097ab19ce67ed9f88b47bb2ec49367687"
  integrity sha512-qMlSxKbpRlAridDExk92nSobyDdpPijUq2DW6oDnUqd0iOGxmQjyqhMIihI9+zv4LPyZdRje2cavWPbCbWm3eA==

"@babel/helper-validator-identifier@^7.27.1", "@babel/helper-validator-identifier@^7.28.5":
  version "7.28.5"
  resolved "https://registry.yarnpkg.com/@babel/helper-validator-identifier/-/helper-validator-identifier-7.28.5.tgz#010b6938fab7cb7df74aa2bbc06aa503b8fe5fb4"
  integrity sha512-qSs4ifwzKJSV39ucNjsvc6WVHs6b7S03sOh2OcHF9UHfVPqWWALUsNUVzhSBiItjRZoLHx7nIarVjqKVusUZ1Q==

"@babel/parser@^7.27.2", "@babel/parser@^7.28.5":
  version "7.28.5"
  resolved "https://registry.yarnpkg.com/@babel/parser/-/parser-7.28.5.tgz#0b0225ee90362f030efd644e8034c99468893b08"
  integrity sha512-KKBU1VGYR7ORr3At5HAtUQ+TV3SzRCXmA/8OdDZiLDBIZxVyzXuztPjfLd3BV1PRAQGCMWWSHYhL0F8d5uHBDQ==
  dependencies:
    "@babel/types" "^7.28.5"

"@babel/template@^7.27.2":
  version "7.27.2"
  resolved "https://registry.yarnpkg.com/@babel/template/-/template-7.27.2.tgz#fa78ceed3c4e7b63ebf6cb39e5852fca45f6809d"
  integrity sha512-LPDZ85aEJyYSd18/DkjNh4/y1ntkE5KwUHWTiqgRxruuZL2F1yuHligVHLvcHY2vMHXttKFpJn6LwfI7cw7ODw==
  dependencies:
    "@babel/code-frame" "^7.27.1"
    "@babel/parser" "^7.27.2"
    "@babel/types" "^7.27.1"

"@babel/traverse@^7.28.5":
  version "7.28.5"
  resolved "https://registry.yarnpkg.com/@babel/traverse/-/traverse-7.28.5.tgz#450cab9135d21a7a2ca9d2d35aa05c20e68c360b"
  integrity sha512-TCCj4t55U90khlYkVV/0TfkJkAkUg3jZFA3Neb7unZT8CPok7iiRfaX0F+WnqWqt7OxhOn0uBKXCw4lbL8W0aQ==
  dependencies:
    "@babel/code-frame" "^7.27.1"
    "@babel/generator" "^7.28.5"
    "@babel/helper-globals" "^7.28.0"
    "@babel/parser" "^7.28.5"
    "@babel/template" "^7.27.2"
    "@babel/types" "^7.28.5"
    debug "^4.3.1"

"@babel/types@^7.27.1", "@babel/types@^7.28.2", "@babel/types@^7.28.5":
  version "7.28.5"
  resolved "https://registry.yarnpkg.com/@babel/types/-/types-7.28.5.tgz#10fc405f60897c35f07e85493c932c7b5ca0592b"
  integrity sha512-qQ5m48eI/MFLQ5PxQj4PFaprjyCTLI37ElWMmNs0K8Lk3dVeOdNpB3ks8jc7yM5CDmVC73eMVk/trk3fgmrUpA==
  dependencies:
    "@babel/helper-string-parser" "^7.27.1"
    "@babel/helper-validator-identifier" "^7.28.5"

"@jridgewell/gen-mapping@^0.3.12":
  version "0.3.13"
  resolved "https://registry.yarnpkg.com/@jridgewell/gen-mapping/-/gen-mapping-0.3.13.tgz#6342a19f44347518c93e43b1ac69deb3c4656a1f"
  integrity sha512-2kkt/7niJ6MgEPxF0bYdQ6etZaA+fQvDcLKckhy1yIQOzaoKjBBjSj63/aLVjYE3qhRt5dvM+uUyfCg6UKCBbA==
  dependencies:
    "@jridgewell/sourcemap-codec" "^1.5.0"
    "@jridgewell/trace-mapping" "^0.3.24"

"@jridgewell/resolve-uri@^3.1.0":
  version "3.1.2"
  resolved "https://registry.yarnpkg.com/@jridgewell/resolve-uri/-/resolve-uri-3.1.2.tgz#7a0ee601f60f99a20c7c7c5ff0c80388c1189bd6"
  integrity sha512-bRISgCIjP20/tbWSPWMEi54QVPRZExkuD9lJL+UIxUKtwVJA8wW1Trb1jMs1RFXo1CBTNZ/5hpC9QvmKWdopKw==

"@jridgewell/sourcemap-codec@^1.4.14":
  version "1.4.15"
  resolved "https://registry.yarnpkg.com/@jridgewell/sourcemap-codec/-/sourcemap-codec-1.4.15.tgz#d7c6e6755c78567a951e04ab52ef0fd26de59f32"
  integrity sha512-eF2rxCRulEKXHTRiDrDy6erMYWqNw4LPdQ8UQA4huuxaQsVeRPFl2oM8oDGxMFhJUWZf9McpLtJasDDZb/Bpeg==

"@jridgewell/sourcemap-codec@^1.5.0":
  version "1.5.5"
  resolved "https://registry.yarnpkg.com/@jridgewell/sourcemap-codec/-/sourcemap-codec-1.5.5.tgz#6912b00d2c631c0d15ce1a7ab57cd657f2a8f8ba"
  integrity sha512-cYQ9310grqxueWbl+WuIUIaiUaDcj7WOq5fVhEljNVgRfOUhY9fy2zTvfoqWsnebh8Sl70VScFbICvJnLKB0Og==

"@jridgewell/trace-mapping@^0.3.24":
  version "0.3.25"
  resolved "https://registry.yarnpkg.com/@jridgewell/trace-mapping/-/trace-mapping-0.3.25.tgz#15f190e98895f3fc23276ee14bc76b675c2e50f0"
  integrity sha512-vNk6aEwybGtawWmy/PzwnGDOjCkLWSD2wqvjGGAgOAwCGWySYXfYoxt00IJkTF+8Lb57DwOb3Aa0o9CApepiYQ==
  dependencies:
    "@jridgewell/resolve-uri" "^3.1.0"
    "@jridgewell/sourcemap-codec" "^1.4.14"

"@jridgewell/trace-mapping@^0.3.28":
  version "0.3.31"
  resolved "https://registry.yarnpkg.com/@jridgewell/trace-mapping/-/trace-mapping-0.3.31.tgz#db15d6781c931f3a251a3dac39501c98a6082fd0"
  integrity sha512-zzNR+SdQSDJzc8joaeP8QQoCQr8NuYx2dIIytl1QeBEZHJ9uW6hebsrYgbz8hJwUQao3TWCMtmfV8Nu1twOLAw==
  dependencies:
    "@jridgewell/resolve-uri" "^3.1.0"
    "@jridgewell/sourcemap-codec" "^1.4.14"

"@types/babel__traverse@^7.28.0":
  version "7.28.0"
  resolved "https://registry.yarnpkg.com/@types/babel__traverse/-/babel__traverse-7.28.0.tgz#07d713d6cce0d265c9849db0cbe62d3f61f36f74"
  integrity sha512-8PvcXf70gTDZBgt9ptxJ8elBeBjcLOAcOtoO/mPJjtji1+CdGbHgm77om1GrsPxsiE+uXIpNSK64UYaIwQXd4Q==
  dependencies:
    "@babel/types" "^7.28.2"

"@types/lodash@^4.17.21":
  version "4.17.21"
  resolved "https://registry.yarnpkg.com/@types/lodash/-/lodash-4.17.21.tgz#b806831543d696b14f8112db600ea9d3a1df6ea4"
  integrity sha512-FOvQ0YPD5NOfPgMzJihoT+Za5pdkDJWcbpuj1DjaKZIr/gxodQjY/uWEFlTNqW2ugXHUiL8lRQgw63dzKHZdeQ==

"@types/minimist@^1.2.5":
  version "1.2.5"
  resolved "https://registry.yarnpkg.com/@types/minimist/-/minimist-1.2.5.tgz#ec10755e871497bcd83efe927e43ec46e8c0747e"
  integrity sha512-hov8bUuiLiyFPGyFPE1lwWhmzYbirOXQNNo40+y3zow8aFVTeyn3VWL0VFFfdNddA8S4Vf0Tc062rzyNr7Paag==

"@types/node@*":
  version "18.0.0"
  resolved "https://registry.yarnpkg.com/@types/node/-/node-18.0.0.tgz#67c7b724e1bcdd7a8821ce0d5ee184d3b4dd525a"
  integrity sha512-cHlGmko4gWLVI27cGJntjs/Sj8th9aYwplmZFwmmgYQQvL5NUsgVJG7OddLvNfLqYS31KFN0s3qlaD9qCaxACA==

"@types/node@^24.1.0":
  version "24.10.4"
  resolved "https://registry.yarnpkg.com/@types/node/-/node-24.10.4.tgz#9d27c032a1b2c42a4eab8fb65c5856a8b8e098c4"
  integrity sha512-vnDVpYPMzs4wunl27jHrfmwojOGKya0xyM3sH+UE5iv5uPS6vX7UIoh6m+vQc5LGBq52HBKPIn/zcSZVzeDEZg==
  dependencies:
    undici-types "~7.16.0"

"@types/walk@^2.3.4":
  version "2.3.4"
  resolved "https://registry.yarnpkg.com/@types/walk/-/walk-2.3.4.tgz#129446f8e67e84667feb929a315decd9d3f4b30a"
  integrity sha512-UvD3Xghik7MqeD0t3DDGtXhzwqOFuHYEEHjoTGE80Lz7Rc+jEx0hebIo0PsCjqdxWQE/J7pQRDYDnVxADu2Njg==
  dependencies:
    "@types/node" "*"

debug@^4.3.1:
  version "4.4.3"
  resolved "https://registry.yarnpkg.com/debug/-/debug-4.4.3.tgz#c6ae432d9bd9662582fce08709b038c58e9e3d6a"
  integrity sha512-RGwwWnwQvkVfavKVt22FGLw+xYSdzARwm0ru6DhTVA3umU5hZc28V3kO4stgYryrTlLpuvgI9GiijltAjNbcqA==
  dependencies:
    ms "^2.1.3"

foreachasync@^3.0.0:
  version "3.0.0"
  resolved "https://registry.yarnpkg.com/foreachasync/-/foreachasync-3.0.0.tgz#5502987dc8714be3392097f32e0071c9dee07cf6"
  integrity sha1-VQKYfchxS+M5IJfzLgBxyd7gfPY=

js-tokens@^4.0.0:
  version "4.0.0"
  resolved "https://registry.yarnpkg.com/js-tokens/-/js-tokens-4.0.0.tgz#19203fb59991df98e3a287050d4647cdeaf32499"
  integrity sha512-RdJUflcE3cUzKiMqQgsCu06FPu9UdIJO0beYbPhHN4k6apgJtifcoCtT9bcxOpYBtpD2kCM6Sbzg4CausW/PKQ==

jsesc@^3.0.2:
  version "3.1.0"
  resolved "https://registry.yarnpkg.com/jsesc/-/jsesc-3.1.0.tgz#74d335a234f67ed19907fdadfac7ccf9d409825d"
  integrity sha512-/sM3dO2FOzXjKQhJuo0Q173wf2KOo8t4I8vHy6lF9poUp7bKT0/NHE8fPX23PwfhnykfqnC2xRxOnVw5XuGIaA==

lodash@^4.17.21:
  version "4.17.21"
  resolved "https://registry.yarnpkg.com/lodash/-/lodash-4.17.21.tgz#679591c564c3bffaae8454cf0b3df370c3d6911c"
  integrity sha512-v2kDEe57lecTulaDIuNTPy3Ry4gLGJ6Z1O3vE1krgXZNrsQ+LFTGHVxVjcXPs17LhbZVGedAJv8XZ1tvj5FvSg==

minimist@^1.2.8:
  version "1.2.8"
  resolved "https://registry.yarnpkg.com/minimist/-/minimist-1.2.8.tgz#c1a464e7693302e082a075cee0c057741ac4772c"
  integrity sha512-2yyAR8qBkN3YuheJanUpWC5U3bb5osDywNB8RzDVlDwDHbocAJveqqj1u8+SVD7jkWT4yvsHCpWqqWqAxb0zCA==

ms@^2.1.3:
  version "2.1.3"
  resolved "https://registry.yarnpkg.com/ms/-/ms-2.1.3.tgz#574c8138ce1d2b5861f0b44579dbadd60c6615b2"
  integrity sha512-6FlzubTLZG3J2a/NVCAleEhjzq5oxgHyaCU9yYXvcLsvoVaHJq/s5xXI6/XXP6tz7R9xAOtHnSO/tXtF3WRTlA==

picocolors@^1.1.1:
  version "1.1.1"
  resolved "https://registry.yarnpkg.com/picocolors/-/picocolors-1.1.1.tgz#3d321af3eab939b083c8f929a1d12cda81c26b6b"
  integrity sha512-xceH2snhtb5M9liqDsmEw56le376mTZkEX/jEb/RxNFyegNul7eNslCXP9FDj/Lcu0X8KEyMceP2ntpaHrDEVA==

typescript@5.9.3:
  version "5.9.3"
  resolved "https://registry.yarnpkg.com/typescript/-/typescript-5.9.3.tgz#5b4f59e15310ab17a216f5d6cf53ee476ede670f"
  integrity sha512-jl1vZzPDinLr9eUt3J/t7V6FgNEw9QjvBPdysz9KfQDD41fQrC2Y4vKQdiaUpFT4bXlb1RHhLpp8wtm6M5TgSw==

undici-types@~7.16.0:
  version "7.16.0"
  resolved "https://registry.yarnpkg.com/undici-types/-/undici-types-7.16.0.tgz#ffccdff36aea4884cbfce9a750a0580224f58a46"
  integrity sha512-Zz+aZWSj8LE6zoxD+xrjh4VfkIG8Ya6LvYkZqtUQGJPZjYl53ypCaUwWqo7eI0x66KBGeRo+mlBEkMSeSZ38Nw==

walk@^2.3.15:
  version "2.3.15"
  resolved "https://registry.yarnpkg.com/walk/-/walk-2.3.15.tgz#1b4611e959d656426bc521e2da5db3acecae2424"
  integrity sha512-4eRTBZljBfIISK1Vnt69Gvr2w/wc3U6Vtrw7qiN5iqYJPH7LElcYh/iU4XWhdCy2dZqv1ToMyYlybDylfG/5Vg==
  dependencies:
    foreachasync "^3.0.0"
